
Microsoft Visual Studio Solution File, Format Version 12.00
# Visual Studio Version 17
VisualStudioVersion = 17.8.34511.84
MinimumVisualStudioVersion = 10.0.40219.1
Project("{9A19103F-16F7-4668-BE54-9A1E7A4F7556}") = "CRUD_NET_PROJEKT_WSB.Server", "CRUD_NET_PROJEKT_WSB\Server\CRUD_NET_PROJEKT_WSB.Server.csproj", "{083ED30A-C92F-4FF6-AED4-D4423029F415}"
EndProject
Project("{9A19103F-16F7-4668-BE54-9A1E7A4F7556}") = "CRUD_NET_PROJEKT_WSB.Client", "CRUD_NET_PROJEKT_WSB\Client\CRUD_NET_PROJEKT_WSB.Client.csproj", "{E10CAE2E-330A-4131-A0C9-2B69627C0FE9}"
EndProject
Project("{9A19103F-16F7-4668-BE54-9A1E7A4F7556}") = "CRUD_NET_PROJEKT_WSB.Shared", "CRUD_NET_PROJEKT_WSB\Shared\CRUD_NET_PROJEKT_WSB.Shared.csproj", "{0B301DAA-ADA3-483C-88F6-5A0F2D6A0662}"
EndProject
Global
	GlobalSection(SolutionConfigurationPlatforms) = preSolution
		Debug|Any CPU = Debug|Any CPU
		Release|Any CPU = Release|Any CPU
	EndGlobalSection
	GlobalSection(ProjectConfigurationPlatforms) = postSolution
		{083ED30A-C92F-4FF6-AED4-D4423029F415}.Debug|Any CPU.ActiveCfg = Debug|Any CPU
		{083ED30A-C92F-4FF6-AED4-D4423029F415}.Debug|Any CPU.Build.0 = Debug|Any CPU
		{083ED30A-C92F-4FF6-AED4-D4423029F415}.Release|Any CPU.ActiveCfg = Release|Any CPU
		{083ED30A-C92F-4FF6-AED4-D4423029F415}.Release|Any CPU.Build.0 = Release|Any CPU
		{E10CAE2E-330A-4131-A0C9-2B69627C0FE9}.Debug|Any CPU.ActiveCfg = Debug|Any CPU
		{E10CAE2E-330A-4131-A0C9-2B69627C0FE9}.Debug|Any CPU.Build.0 = Debug|Any CPU
		{E10CAE2E-330A-4131-A0C9-2B69627C0FE9}.Release|Any CPU.ActiveCfg = Release|Any CPU
		{E10CAE2E-330A-4131-A0C9-2B69627C0FE9}.Release|Any CPU.Build.0 = Release|Any CPU
		{0B301DAA-ADA3-483C-88F6-5A0F2D6A0662}.Debug|Any CPU.ActiveCfg = Debug|Any CPU
		{0B301DAA-ADA3-483C-88F6-5A0F2D6A0662}.Debug|Any CPU.Build.0 = Debug|Any CPU
		{0B301DAA-ADA3-483C-88F6-5A0F2D6A0662}.Release|Any CPU.ActiveCfg = Release|Any CPU
		{0B301DAA-ADA3-483C-88F6-5A0F2D6A0662}.Release|Any CPU.Build.0 = Release|Any CPU
	EndGlobalSection
	GlobalSection(SolutionProperties) = preSolution
		HideSolutionNode = FALSE
	EndGlobalSection
	GlobalSection(ExtensibilityGlobals) = postSolution
		SolutionGuid = {A6F8AA79-27DB-4803-94F8-62DB1DCEF2D2}
	EndGlobalSection
EndGlobal
